
Microsoft Visual Studio Solution File, Format Version 12.00
# Visual Studio Version 17
VisualStudioVersion = 17.14.36414.22
MinimumVisualStudioVersion = 10.0.40219.1
Project("{FAE04EC0-301F-11D3-BF4B-00C04F79EFBC}") = "WebAppDockerTeste", "src\WebAppDockerTeste\WebAppDockerTeste.csproj", "{3E2CAEB9-5C3E-07E3-BE81-6DA01E5885CB}"
EndProject
Project("{E53339B2-1760-4266-BCC7-CA923CBCF16C}") = "docker-compose", "docker-compose.dcproj", "{81DDED9D-158B-E303-5F62-77A2896D2A5A}"
EndProject
Global
	GlobalSection(SolutionConfigurationPlatforms) = preSolution
		Debug|Any CPU = Debug|Any CPU
		Release|Any CPU = Release|Any CPU
	EndGlobalSection
	GlobalSection(ProjectConfigurationPlatforms) = postSolution
		{3E2CAEB9-5C3E-07E3-BE81-6DA01E5885CB}.Debug|Any CPU.ActiveCfg = Debug|Any CPU
		{3E2CAEB9-5C3E-07E3-BE81-6DA01E5885CB}.Debug|Any CPU.Build.0 = Debug|Any CPU
		{3E2CAEB9-5C3E-07E3-BE81-6DA01E5885CB}.Release|Any CPU.ActiveCfg = Release|Any CPU
		{3E2CAEB9-5C3E-07E3-BE81-6DA01E5885CB}.Release|Any CPU.Build.0 = Release|Any CPU
		{81DDED9D-158B-E303-5F62-77A2896D2A5A}.Debug|Any CPU.ActiveCfg = Debug|Any CPU
		{81DDED9D-158B-E303-5F62-77A2896D2A5A}.Debug|Any CPU.Build.0 = Debug|Any CPU
		{81DDED9D-158B-E303-5F62-77A2896D2A5A}.Release|Any CPU.ActiveCfg = Release|Any CPU
		{81DDED9D-158B-E303-5F62-77A2896D2A5A}.Release|Any CPU.Build.0 = Release|Any CPU
	EndGlobalSection
	GlobalSection(SolutionProperties) = preSolution
		HideSolutionNode = FALSE
	EndGlobalSection
	GlobalSection(ExtensibilityGlobals) = postSolution
		SolutionGuid = {07F17DDD-D9B1-4B09-8736-4EE069C2D4D8}
	EndGlobalSection
EndGlobal
